
Microsoft Visual Studio Solution File, Format Version 12.00
# Visual Studio Version 17
VisualStudioVersion = 17.0.31903.59
MinimumVisualStudioVersion = 10.0.40219.1
Project("{9A19103F-16F7-4668-BE54-9A1E7A4F7556}") = "Data", "Data\Data.csproj", "{92621573-4C4F-42B9-8BC1-5985970D486D}"
EndProject
Project("{9A19103F-16F7-4668-BE54-9A1E7A4F7556}") = "Domain", "Domain\Domain.csproj", "{5E830C74-7AC4-4138-8AF2-696E3A06AD11}"
EndProject
Project("{9A19103F-16F7-4668-BE54-9A1E7A4F7556}") = "ConsoleApp", "ConsoleApp\ConsoleApp.csproj", "{0103B74C-AC14-481F-B8D7-ADF4930F9BFF}"
EndProject
Project("{FAE04EC0-301F-11D3-BF4B-00C04F79EFBC}") = "WebAPI", "WebAPI\WebAPI.csproj", "{6169248C-D52D-436D-864D-C55DC7743A7E}"
EndProject
Project("{2150E333-8FDC-42A3-9474-1A3956D46DE8}") = "Solution Items", "Solution Items", "{7D772E84-784F-4037-AE6C-5E95E474B96E}"
	ProjectSection(SolutionItems) = preProject
		.gitignore = .gitignore
	EndProjectSection
EndProject
Project("{FAE04EC0-301F-11D3-BF4B-00C04F79EFBC}") = "Infrastructure", "Infrastructure\Infrastructure.csproj", "{C6388F43-131D-4101-AEDE-F0F9B39C9642}"
EndProject
Global
	GlobalSection(SolutionConfigurationPlatforms) = preSolution
		Debug|Any CPU = Debug|Any CPU
		Release|Any CPU = Release|Any CPU
	EndGlobalSection
	GlobalSection(ProjectConfigurationPlatforms) = postSolution
		{92621573-4C4F-42B9-8BC1-5985970D486D}.Debug|Any CPU.ActiveCfg = Debug|Any CPU
		{92621573-4C4F-42B9-8BC1-5985970D486D}.Debug|Any CPU.Build.0 = Debug|Any CPU
		{92621573-4C4F-42B9-8BC1-5985970D486D}.Release|Any CPU.ActiveCfg = Release|Any CPU
		{92621573-4C4F-42B9-8BC1-5985970D486D}.Release|Any CPU.Build.0 = Release|Any CPU
		{5E830C74-7AC4-4138-8AF2-696E3A06AD11}.Debug|Any CPU.ActiveCfg = Debug|Any CPU
		{5E830C74-7AC4-4138-8AF2-696E3A06AD11}.Debug|Any CPU.Build.0 = Debug|Any CPU
		{5E830C74-7AC4-4138-8AF2-696E3A06AD11}.Release|Any CPU.ActiveCfg = Release|Any CPU
		{5E830C74-7AC4-4138-8AF2-696E3A06AD11}.Release|Any CPU.Build.0 = Release|Any CPU
		{0103B74C-AC14-481F-B8D7-ADF4930F9BFF}.Debug|Any CPU.ActiveCfg = Debug|Any CPU
		{0103B74C-AC14-481F-B8D7-ADF4930F9BFF}.Debug|Any CPU.Build.0 = Debug|Any CPU
		{0103B74C-AC14-481F-B8D7-ADF4930F9BFF}.Release|Any CPU.ActiveCfg = Release|Any CPU
		{0103B74C-AC14-481F-B8D7-ADF4930F9BFF}.Release|Any CPU.Build.0 = Release|Any CPU
		{6169248C-D52D-436D-864D-C55DC7743A7E}.Debug|Any CPU.ActiveCfg = Debug|Any CPU
		{6169248C-D52D-436D-864D-C55DC7743A7E}.Debug|Any CPU.Build.0 = Debug|Any CPU
		{6169248C-D52D-436D-864D-C55DC7743A7E}.Release|Any CPU.ActiveCfg = Release|Any CPU
		{6169248C-D52D-436D-864D-C55DC7743A7E}.Release|Any CPU.Build.0 = Release|Any CPU
		{C6388F43-131D-4101-AEDE-F0F9B39C9642}.Debug|Any CPU.ActiveCfg = Debug|Any CPU
		{C6388F43-131D-4101-AEDE-F0F9B39C9642}.Debug|Any CPU.Build.0 = Debug|Any CPU
		{C6388F43-131D-4101-AEDE-F0F9B39C9642}.Release|Any CPU.ActiveCfg = Release|Any CPU
		{C6388F43-131D-4101-AEDE-F0F9B39C9642}.Release|Any CPU.Build.0 = Release|Any CPU
	EndGlobalSection
	GlobalSection(SolutionProperties) = preSolution
		HideSolutionNode = FALSE
	EndGlobalSection
	GlobalSection(ExtensibilityGlobals) = postSolution
		SolutionGuid = {76088879-1390-4C4F-8988-B77C02825214}
	EndGlobalSection
EndGlobal
