
Microsoft Visual Studio Solution File, Format Version 12.00
# Visual Studio Version 17
VisualStudioVersion = 17.5.33516.290
MinimumVisualStudioVersion = 10.0.40219.1
Project("{FAE04EC0-301F-11D3-BF4B-00C04F79EFBC}") = "WebApp", "WebApp\WebApp.csproj", "{272B245A-5B03-49A6-8B68-25AFF1ED2061}"
EndProject
Global
	GlobalSection(SolutionConfigurationPlatforms) = preSolution
		Debug|Any CPU = Debug|Any CPU
		Release|Any CPU = Release|Any CPU
	EndGlobalSection
	GlobalSection(ProjectConfigurationPlatforms) = postSolution
		{272B245A-5B03-49A6-8B68-25AFF1ED2061}.Debug|Any CPU.ActiveCfg = Debug|Any CPU
		{272B245A-5B03-49A6-8B68-25AFF1ED2061}.Debug|Any CPU.Build.0 = Debug|Any CPU
		{272B245A-5B03-49A6-8B68-25AFF1ED2061}.Release|Any CPU.ActiveCfg = Release|Any CPU
		{272B245A-5B03-49A6-8B68-25AFF1ED2061}.Release|Any CPU.Build.0 = Release|Any CPU
	EndGlobalSection
	GlobalSection(SolutionProperties) = preSolution
		HideSolutionNode = FALSE
	EndGlobalSection
	GlobalSection(ExtensibilityGlobals) = postSolution
		SolutionGuid = {E8186003-9302-4E95-B905-8A9C74B0F20A}
	EndGlobalSection
EndGlobal
